
Microsoft Visual Studio Solution File, Format Version 12.00
# Visual Studio Version 16
Project("{2150E333-8FDC-42A3-9474-1A3956D46DE8}") = "app", "app", "{66A4A717-B43B-4249-A6CE-30FDA3338E09}"
EndProject
Project("{2150E333-8FDC-42A3-9474-1A3956D46DE8}") = "library", "library", "{026073FA-5636-47AC-885F-4B9BD05A82FA}"
EndProject
Project("{FAE04EC0-301F-11D3-BF4B-00C04F79EFBC}") = "DIPS.Mobile.UI", "library\DIPS.Mobile.UI\DIPS.Mobile.UI.csproj", "{BF2BB58E-E291-48B1-B15A-8821FEC4B5A8}"
EndProject
Project("{FAE04EC0-301F-11D3-BF4B-00C04F79EFBC}") = "DIPS.Mobile.UI.Components", "app\DIPS.Mobile.UI.Components\DIPS.Mobile.UI.Components.csproj", "{291353DC-DAB0-4734-AEEC-8EAE404F2FCA}"
EndProject
Global
	GlobalSection(SolutionConfigurationPlatforms) = preSolution
		Debug|Any CPU = Debug|Any CPU
		Release|Any CPU = Release|Any CPU
	EndGlobalSection
	GlobalSection(ProjectConfigurationPlatforms) = postSolution
		{BF2BB58E-E291-48B1-B15A-8821FEC4B5A8}.Debug|Any CPU.ActiveCfg = Debug|Any CPU
		{BF2BB58E-E291-48B1-B15A-8821FEC4B5A8}.Debug|Any CPU.Build.0 = Debug|Any CPU
		{BF2BB58E-E291-48B1-B15A-8821FEC4B5A8}.Release|Any CPU.ActiveCfg = Release|Any CPU
		{BF2BB58E-E291-48B1-B15A-8821FEC4B5A8}.Release|Any CPU.Build.0 = Release|Any CPU
		{291353DC-DAB0-4734-AEEC-8EAE404F2FCA}.Debug|Any CPU.ActiveCfg = Debug|Any CPU
		{291353DC-DAB0-4734-AEEC-8EAE404F2FCA}.Debug|Any CPU.Build.0 = Debug|Any CPU
		{291353DC-DAB0-4734-AEEC-8EAE404F2FCA}.Release|Any CPU.ActiveCfg = Release|Any CPU
		{291353DC-DAB0-4734-AEEC-8EAE404F2FCA}.Release|Any CPU.Build.0 = Release|Any CPU
	EndGlobalSection
	GlobalSection(NestedProjects) = preSolution
		{BF2BB58E-E291-48B1-B15A-8821FEC4B5A8} = {026073FA-5636-47AC-885F-4B9BD05A82FA}
		{291353DC-DAB0-4734-AEEC-8EAE404F2FCA} = {66A4A717-B43B-4249-A6CE-30FDA3338E09}
	EndGlobalSection
EndGlobal
